
Microsoft Visual Studio Solution File, Format Version 12.00
# Visual Studio Version 16
VisualStudioVersion = 16.0.34407.143
MinimumVisualStudioVersion = 10.0.40219.1
Project("{FAE04EC0-301F-11D3-BF4B-00C04F79EFBC}") = "ASP.NET_MVC_Learning", "ASP.NET_MVC_Learning\ASP.NET_MVC_Learning.csproj", "{6624ED21-319B-436B-A16C-9A6A89B265D2}"
EndProject
Project("{FAE04EC0-301F-11D3-BF4B-00C04F79EFBC}") = "EFCodeFirstApproach", "EFCodeFirstApproach\EFCodeFirstApproach.csproj", "{B6578F57-0A65-44D2-8A76-E5625FCB1EBB}"
EndProject
Project("{FAE04EC0-301F-11D3-BF4B-00C04F79EFBC}") = "EFDatabaseFirstApproach", "EFDatabaseFirstApproach\EFDatabaseFirstApproach.csproj", "{B96D0A77-FC15-46FD-9651-7ED6BB1447DF}"
EndProject
Project("{FAE04EC0-301F-11D3-BF4B-00C04F79EFBC}") = "EFModelFirstApproach", "EFModelFirstApproach\EFModelFirstApproach.csproj", "{FDDBC80C-618B-48DA-8D2A-74B71ED101E9}"
EndProject
Project("{FAE04EC0-301F-11D3-BF4B-00C04F79EFBC}") = "LoginFormEFDatabaseFirst", "LoginFormEFDatabaseFirst\LoginFormEFDatabaseFirst.csproj", "{9F886169-754E-4516-92F1-D11361F1BB72}"
EndProject
Project("{FAE04EC0-301F-11D3-BF4B-00C04F79EFBC}") = "Cookies", "Cookies\Cookies.csproj", "{5948CDC8-6821-4757-923D-275745194492}"
EndProject
Project("{FAE04EC0-301F-11D3-BF4B-00C04F79EFBC}") = "RememberMeCheckBox", "RememberMeCheckBox\RememberMeCheckBox.csproj", "{B3487FDB-DF30-497E-9936-F66D71487CBD}"
EndProject
Project("{FAE04EC0-301F-11D3-BF4B-00C04F79EFBC}") = "AutomaticallyCreatedCrudDBF", "AutomaticallyCreatedCrudDBF\AutomaticallyCreatedCrudDBF.csproj", "{7F4EEB7F-1A40-42A0-AC91-513C6E33474B}"
EndProject
Project("{FAE04EC0-301F-11D3-BF4B-00C04F79EFBC}") = "SearchFunctionalityWithCrudOperations", "SearchFunctionalityWithCrudOperations\SearchFunctionalityWithCrudOperations.csproj", "{EBDDC101-95D1-4F03-A30F-5E97E153A7BA}"
EndProject
Project("{FAE04EC0-301F-11D3-BF4B-00C04F79EFBC}") = "UploadingAndRetrievingImages", "UploadingAndRetrievingImages\UploadingAndRetrievingImages.csproj", "{D7423FC1-0FE6-41FC-B0AE-D060877566D5}"
EndProject
Project("{FAE04EC0-301F-11D3-BF4B-00C04F79EFBC}") = "CrudAppWithImagesInMVC", "CrudAppWithImagesInMVC\CrudAppWithImagesInMVC.csproj", "{50483328-FCC3-4C8D-B4D8-F94753F7F9D7}"
EndProject
Project("{FAE04EC0-301F-11D3-BF4B-00C04F79EFBC}") = "UpdateEDMInMVC", "UpdateEDMInMVC\UpdateEDMInMVC.csproj", "{796FE187-730E-48E5-BE89-63EF0A375EA5}"
EndProject
Project("{FAE04EC0-301F-11D3-BF4B-00C04F79EFBC}") = "JqueryDataTableMVC", "JqueryDataTableMVC\JqueryDataTableMVC.csproj", "{3F1949FC-EA1B-4949-B3CE-858CBF2FE102}"
EndProject
Project("{FAE04EC0-301F-11D3-BF4B-00C04F79EFBC}") = "SignUpWithLoginMVC", "SignUpWithLoginMVC\SignUpWithLoginMVC.csproj", "{BAB72361-B89A-4822-AB8A-029D46F7BDAF}"
EndProject
Global
	GlobalSection(SolutionConfigurationPlatforms) = preSolution
		Debug|Any CPU = Debug|Any CPU
		Release|Any CPU = Release|Any CPU
	EndGlobalSection
	GlobalSection(ProjectConfigurationPlatforms) = postSolution
		{6624ED21-319B-436B-A16C-9A6A89B265D2}.Debug|Any CPU.ActiveCfg = Debug|Any CPU
		{6624ED21-319B-436B-A16C-9A6A89B265D2}.Debug|Any CPU.Build.0 = Debug|Any CPU
		{6624ED21-319B-436B-A16C-9A6A89B265D2}.Release|Any CPU.ActiveCfg = Release|Any CPU
		{6624ED21-319B-436B-A16C-9A6A89B265D2}.Release|Any CPU.Build.0 = Release|Any CPU
		{B6578F57-0A65-44D2-8A76-E5625FCB1EBB}.Debug|Any CPU.ActiveCfg = Debug|Any CPU
		{B6578F57-0A65-44D2-8A76-E5625FCB1EBB}.Debug|Any CPU.Build.0 = Debug|Any CPU
		{B6578F57-0A65-44D2-8A76-E5625FCB1EBB}.Release|Any CPU.ActiveCfg = Release|Any CPU
		{B6578F57-0A65-44D2-8A76-E5625FCB1EBB}.Release|Any CPU.Build.0 = Release|Any CPU
		{B96D0A77-FC15-46FD-9651-7ED6BB1447DF}.Debug|Any CPU.ActiveCfg = Debug|Any CPU
		{B96D0A77-FC15-46FD-9651-7ED6BB1447DF}.Debug|Any CPU.Build.0 = Debug|Any CPU
		{B96D0A77-FC15-46FD-9651-7ED6BB1447DF}.Release|Any CPU.ActiveCfg = Release|Any CPU
		{B96D0A77-FC15-46FD-9651-7ED6BB1447DF}.Release|Any CPU.Build.0 = Release|Any CPU
		{FDDBC80C-618B-48DA-8D2A-74B71ED101E9}.Debug|Any CPU.ActiveCfg = Debug|Any CPU
		{FDDBC80C-618B-48DA-8D2A-74B71ED101E9}.Debug|Any CPU.Build.0 = Debug|Any CPU
		{FDDBC80C-618B-48DA-8D2A-74B71ED101E9}.Release|Any CPU.ActiveCfg = Release|Any CPU
		{FDDBC80C-618B-48DA-8D2A-74B71ED101E9}.Release|Any CPU.Build.0 = Release|Any CPU
		{9F886169-754E-4516-92F1-D11361F1BB72}.Debug|Any CPU.ActiveCfg = Debug|Any CPU
		{9F886169-754E-4516-92F1-D11361F1BB72}.Debug|Any CPU.Build.0 = Debug|Any CPU
		{9F886169-754E-4516-92F1-D11361F1BB72}.Release|Any CPU.ActiveCfg = Release|Any CPU
		{9F886169-754E-4516-92F1-D11361F1BB72}.Release|Any CPU.Build.0 = Release|Any CPU
		{5948CDC8-6821-4757-923D-275745194492}.Debug|Any CPU.ActiveCfg = Debug|Any CPU
		{5948CDC8-6821-4757-923D-275745194492}.Debug|Any CPU.Build.0 = Debug|Any CPU
		{5948CDC8-6821-4757-923D-275745194492}.Release|Any CPU.ActiveCfg = Release|Any CPU
		{5948CDC8-6821-4757-923D-275745194492}.Release|Any CPU.Build.0 = Release|Any CPU
		{B3487FDB-DF30-497E-9936-F66D71487CBD}.Debug|Any CPU.ActiveCfg = Debug|Any CPU
		{B3487FDB-DF30-497E-9936-F66D71487CBD}.Debug|Any CPU.Build.0 = Debug|Any CPU
		{B3487FDB-DF30-497E-9936-F66D71487CBD}.Release|Any CPU.ActiveCfg = Release|Any CPU
		{B3487FDB-DF30-497E-9936-F66D71487CBD}.Release|Any CPU.Build.0 = Release|Any CPU
		{7F4EEB7F-1A40-42A0-AC91-513C6E33474B}.Debug|Any CPU.ActiveCfg = Debug|Any CPU
		{7F4EEB7F-1A40-42A0-AC91-513C6E33474B}.Debug|Any CPU.Build.0 = Debug|Any CPU
		{7F4EEB7F-1A40-42A0-AC91-513C6E33474B}.Release|Any CPU.ActiveCfg = Release|Any CPU
		{7F4EEB7F-1A40-42A0-AC91-513C6E33474B}.Release|Any CPU.Build.0 = Release|Any CPU
		{EBDDC101-95D1-4F03-A30F-5E97E153A7BA}.Debug|Any CPU.ActiveCfg = Debug|Any CPU
		{EBDDC101-95D1-4F03-A30F-5E97E153A7BA}.Debug|Any CPU.Build.0 = Debug|Any CPU
		{EBDDC101-95D1-4F03-A30F-5E97E153A7BA}.Release|Any CPU.ActiveCfg = Release|Any CPU
		{EBDDC101-95D1-4F03-A30F-5E97E153A7BA}.Release|Any CPU.Build.0 = Release|Any CPU
		{D7423FC1-0FE6-41FC-B0AE-D060877566D5}.Debug|Any CPU.ActiveCfg = Debug|Any CPU
		{D7423FC1-0FE6-41FC-B0AE-D060877566D5}.Debug|Any CPU.Build.0 = Debug|Any CPU
		{D7423FC1-0FE6-41FC-B0AE-D060877566D5}.Release|Any CPU.ActiveCfg = Release|Any CPU
		{D7423FC1-0FE6-41FC-B0AE-D060877566D5}.Release|Any CPU.Build.0 = Release|Any CPU
		{50483328-FCC3-4C8D-B4D8-F94753F7F9D7}.Debug|Any CPU.ActiveCfg = Debug|Any CPU
		{50483328-FCC3-4C8D-B4D8-F94753F7F9D7}.Debug|Any CPU.Build.0 = Debug|Any CPU
		{50483328-FCC3-4C8D-B4D8-F94753F7F9D7}.Release|Any CPU.ActiveCfg = Release|Any CPU
		{50483328-FCC3-4C8D-B4D8-F94753F7F9D7}.Release|Any CPU.Build.0 = Release|Any CPU
		{796FE187-730E-48E5-BE89-63EF0A375EA5}.Debug|Any CPU.ActiveCfg = Debug|Any CPU
		{796FE187-730E-48E5-BE89-63EF0A375EA5}.Debug|Any CPU.Build.0 = Debug|Any CPU
		{796FE187-730E-48E5-BE89-63EF0A375EA5}.Release|Any CPU.ActiveCfg = Release|Any CPU
		{796FE187-730E-48E5-BE89-63EF0A375EA5}.Release|Any CPU.Build.0 = Release|Any CPU
		{3F1949FC-EA1B-4949-B3CE-858CBF2FE102}.Debug|Any CPU.ActiveCfg = Debug|Any CPU
		{3F1949FC-EA1B-4949-B3CE-858CBF2FE102}.Debug|Any CPU.Build.0 = Debug|Any CPU
		{3F1949FC-EA1B-4949-B3CE-858CBF2FE102}.Release|Any CPU.ActiveCfg = Release|Any CPU
		{3F1949FC-EA1B-4949-B3CE-858CBF2FE102}.Release|Any CPU.Build.0 = Release|Any CPU
		{BAB72361-B89A-4822-AB8A-029D46F7BDAF}.Debug|Any CPU.ActiveCfg = Debug|Any CPU
		{BAB72361-B89A-4822-AB8A-029D46F7BDAF}.Debug|Any CPU.Build.0 = Debug|Any CPU
		{BAB72361-B89A-4822-AB8A-029D46F7BDAF}.Release|Any CPU.ActiveCfg = Release|Any CPU
		{BAB72361-B89A-4822-AB8A-029D46F7BDAF}.Release|Any CPU.Build.0 = Release|Any CPU
	EndGlobalSection
	GlobalSection(SolutionProperties) = preSolution
		HideSolutionNode = FALSE
	EndGlobalSection
	GlobalSection(ExtensibilityGlobals) = postSolution
		SolutionGuid = {6BB61C2F-D14E-4D01-A2AC-5E80118371ED}
	EndGlobalSection
EndGlobal
